PODS:
  - SwiftAudioPlayerKuama (7.6.2)

DEPENDENCIES:
  - SwiftAudioPlayerKuama (from `../`)

EXTERNAL SOURCES:
  SwiftAudioPlayerKuama:
    :path: "../"

SPEC CHECKSUMS:
  SwiftAudioPlayerKuama: ba99549c5df2a61bb820abde1cc2ee83a58d3e23

PODFILE CHECKSUM: 6e16afcb9ced10b4c910161bd0c5a63b4863cf2e

COCOAPODS: 1.11.2
